
Microsoft Visual Studio Solution File, Format Version 12.00
# Visual Studio Version 17
VisualStudioVersion = 17.3.32901.215
MinimumVisualStudioVersion = 10.0.40219.1
Project("{FAE04EC0-301F-11D3-BF4B-00C04F79EFBC}") = "WpfApp1", "WpfApp1\WpfApp1.csproj", "{8784D688-C3BB-4F27-B30D-D6918ACD84CD}"
EndProject
Global
	GlobalSection(SolutionConfigurationPlatforms) = preSolution
		Debug|Any CPU = Debug|Any CPU
		Release|Any CPU = Release|Any CPU
	EndGlobalSection
	GlobalSection(ProjectConfigurationPlatforms) = postSolution
		{8784D688-C3BB-4F27-B30D-D6918ACD84CD}.Debug|Any CPU.ActiveCfg = Debug|Any CPU
		{8784D688-C3BB-4F27-B30D-D6918ACD84CD}.Debug|Any CPU.Build.0 = Debug|Any CPU
		{8784D688-C3BB-4F27-B30D-D6918ACD84CD}.Release|Any CPU.ActiveCfg = Release|Any CPU
		{8784D688-C3BB-4F27-B30D-D6918ACD84CD}.Release|Any CPU.Build.0 = Release|Any CPU
	EndGlobalSection
	GlobalSection(SolutionProperties) = preSolution
		HideSolutionNode = FALSE
	EndGlobalSection
	GlobalSection(ExtensibilityGlobals) = postSolution
		SolutionGuid = {BA456B90-CF49-4BB4-9BBE-3F2311506388}
	EndGlobalSection
EndGlobal
